Microsoft Visual Studio Solution File, Format Version 11.00
# Visual Studio 2008

Project("{DD0B530D-3B0E-CCD4-AB5E-1056EF4DF8E6}") = "Corrida", "Assembly-CSharp.csproj", "{D4C95D1C-DC0F-52FC-7503-4CD4EA4012F0}"
EndProject
Global
	GlobalSection(SolutionConfigurationPlatforms) = preSolution
		Debug|Any CPU = Debug|Any CPU
		Release|Any CPU = Release|Any CPU
	EndGlobalSection
	GlobalSection(ProjectConfigurationPlatforms) = postSolution
		{D4C95D1C-DC0F-52FC-7503-4CD4EA4012F0}.Debug|Any CPU.ActiveCfg = Debug|Any CPU
		{D4C95D1C-DC0F-52FC-7503-4CD4EA4012F0}.Debug|Any CPU.Build.0 = Debug|Any CPU
		{D4C95D1C-DC0F-52FC-7503-4CD4EA4012F0}.Release|Any CPU.ActiveCfg = Release|Any CPU
		{D4C95D1C-DC0F-52FC-7503-4CD4EA4012F0}.Release|Any CPU.Build.0 = Release|Any CPU
	EndGlobalSection
	GlobalSection(SolutionProperties) = preSolution
		HideSolutionNode = FALSE
	EndGlobalSection
	GlobalSection(MonoDevelopProperties) = preSolution
		StartupItem = Assembly-CSharp.csproj
	EndGlobalSection
EndGlobal
